
Microsoft Visual Studio Solution File, Format Version 12.00
# Visual Studio Version 17
VisualStudioVersion = 17.3.32929.385
MinimumVisualStudioVersion = 10.0.40219.1
Project("{9A19103F-16F7-4668-BE54-9A1E7A4F7556}") = "Week3IfAndSwitch", "Week3IfAndSwitch\Week3IfAndSwitch.csproj", "{96786A4B-2C81-48AC-85C6-60B7C7B84A18}"
EndProject
Project("{9A19103F-16F7-4668-BE54-9A1E7A4F7556}") = "OddOrEven", "OddOrEven\OddOrEven.csproj", "{891993D9-FE1E-4BF6-A6E4-4FF7324422B5}"
EndProject
Project("{FAE04EC0-301F-11D3-BF4B-00C04F79EFBC}") = "IfDayOfTheWeek", "IfDayOfTheWeek\IfDayOfTheWeek.csproj", "{74A7B416-BFE2-4AA4-B73A-6F857E723801}"
EndProject
Project("{FAE04EC0-301F-11D3-BF4B-00C04F79EFBC}") = "SwitchDayOfTheWeek", "SwitchDayOfTheWeek\SwitchDayOfTheWeek.csproj", "{364A6219-9CB3-4CC7-91C6-C4E437DC550F}"
EndProject
Global
	GlobalSection(SolutionConfigurationPlatforms) = preSolution
		Debug|Any CPU = Debug|Any CPU
		Release|Any CPU = Release|Any CPU
	EndGlobalSection
	GlobalSection(ProjectConfigurationPlatforms) = postSolution
		{96786A4B-2C81-48AC-85C6-60B7C7B84A18}.Debug|Any CPU.ActiveCfg = Debug|Any CPU
		{96786A4B-2C81-48AC-85C6-60B7C7B84A18}.Debug|Any CPU.Build.0 = Debug|Any CPU
		{96786A4B-2C81-48AC-85C6-60B7C7B84A18}.Release|Any CPU.ActiveCfg = Release|Any CPU
		{96786A4B-2C81-48AC-85C6-60B7C7B84A18}.Release|Any CPU.Build.0 = Release|Any CPU
		{891993D9-FE1E-4BF6-A6E4-4FF7324422B5}.Debug|Any CPU.ActiveCfg = Debug|Any CPU
		{891993D9-FE1E-4BF6-A6E4-4FF7324422B5}.Debug|Any CPU.Build.0 = Debug|Any CPU
		{891993D9-FE1E-4BF6-A6E4-4FF7324422B5}.Release|Any CPU.ActiveCfg = Release|Any CPU
		{891993D9-FE1E-4BF6-A6E4-4FF7324422B5}.Release|Any CPU.Build.0 = Release|Any CPU
		{74A7B416-BFE2-4AA4-B73A-6F857E723801}.Debug|Any CPU.ActiveCfg = Debug|Any CPU
		{74A7B416-BFE2-4AA4-B73A-6F857E723801}.Debug|Any CPU.Build.0 = Debug|Any CPU
		{74A7B416-BFE2-4AA4-B73A-6F857E723801}.Release|Any CPU.ActiveCfg = Release|Any CPU
		{74A7B416-BFE2-4AA4-B73A-6F857E723801}.Release|Any CPU.Build.0 = Release|Any CPU
		{364A6219-9CB3-4CC7-91C6-C4E437DC550F}.Debug|Any CPU.ActiveCfg = Debug|Any CPU
		{364A6219-9CB3-4CC7-91C6-C4E437DC550F}.Debug|Any CPU.Build.0 = Debug|Any CPU
		{364A6219-9CB3-4CC7-91C6-C4E437DC550F}.Release|Any CPU.ActiveCfg = Release|Any CPU
		{364A6219-9CB3-4CC7-91C6-C4E437DC550F}.Release|Any CPU.Build.0 = Release|Any CPU
	EndGlobalSection
	GlobalSection(SolutionProperties) = preSolution
		HideSolutionNode = FALSE
	EndGlobalSection
	GlobalSection(ExtensibilityGlobals) = postSolution
		SolutionGuid = {A66D1DFE-8B3C-4800-AA73-3392B6C0CD13}
	EndGlobalSection
EndGlobal
